
Microsoft Visual Studio Solution File, Format Version 12.00
# Visual Studio Version 17
VisualStudioVersion = 17.6.33801.468
MinimumVisualStudioVersion = 10.0.40219.1
Project("{FAE04EC0-301F-11D3-BF4B-00C04F79EFBC}") = "FIT5032-week05", "FIT5032-week05.csproj", "{86236DCF-F61E-4876-8BAD-31726A66D7EE}"
EndProject
Global
	GlobalSection(SolutionConfigurationPlatforms) = preSolution
		Debug|Any CPU = Debug|Any CPU
		Release|Any CPU = Release|Any CPU
	EndGlobalSection
	GlobalSection(ProjectConfigurationPlatforms) = postSolution
		{86236DCF-F61E-4876-8BAD-31726A66D7EE}.Debug|Any CPU.ActiveCfg = Debug|Any CPU
		{86236DCF-F61E-4876-8BAD-31726A66D7EE}.Debug|Any CPU.Build.0 = Debug|Any CPU
		{86236DCF-F61E-4876-8BAD-31726A66D7EE}.Release|Any CPU.ActiveCfg = Release|Any CPU
		{86236DCF-F61E-4876-8BAD-31726A66D7EE}.Release|Any CPU.Build.0 = Release|Any CPU
	EndGlobalSection
	GlobalSection(SolutionProperties) = preSolution
		HideSolutionNode = FALSE
	EndGlobalSection
	GlobalSection(ExtensibilityGlobals) = postSolution
		SolutionGuid = {9A51E080-621C-4972-837C-22EC5DF81C1A}
	EndGlobalSection
EndGlobal
